
Microsoft Visual Studio Solution File, Format Version 12.00
# Visual Studio Version 17
VisualStudioVersion = 17.0.31903.59
MinimumVisualStudioVersion = 10.0.40219.1
Project("{2150E333-8FDC-42A3-9474-1A3956D46DE8}") = "src", "src", "{4BDDA2D9-5070-49AA-A1AC-323CE3FA8ACA}"
EndProject
Project("{FAE04EC0-301F-11D3-BF4B-00C04F79EFBC}") = "JobRadar.Domain", "src\JobRadar.Domain\JobRadar.Domain.csproj", "{3D1F315F-AD49-43D4-9146-E3C86C7203AA}"
EndProject
Project("{FAE04EC0-301F-11D3-BF4B-00C04F79EFBC}") = "JobRadar.Application", "src\JobRadar.Application\JobRadar.Application.csproj", "{B1787E6D-F26D-441B-8368-DAEEEF9B75FC}"
EndProject
Project("{FAE04EC0-301F-11D3-BF4B-00C04F79EFBC}") = "JobRadar.Infrastructure", "src\JobRadar.Infrastructure\JobRadar.Infrastructure.csproj", "{7FE49AD7-B91A-4A06-83DE-2BC994CDA6B9}"
EndProject
Project("{FAE04EC0-301F-11D3-BF4B-00C04F79EFBC}") = "JobRadar.Api", "src\JobRadar.Api\JobRadar.Api.csproj", "{5E418F34-74B4-4D2E-BFDC-F73515F5F981}"
EndProject
Project("{2150E333-8FDC-42A3-9474-1A3956D46DE8}") = "tests", "tests", "{80B3A55E-A612-43D9-A523-6F32E57F7014}"
EndProject
Project("{FAE04EC0-301F-11D3-BF4B-00C04F79EFBC}") = "JobRadar.UnitTests", "tests\JobRadar.UnitTests\JobRadar.UnitTests.csproj", "{C4140115-31BD-4CB8-A964-54F40288D3E3}"
EndProject
Project("{FAE04EC0-301F-11D3-BF4B-00C04F79EFBC}") = "JobRadar.IntegrationTests", "tests\JobRadar.IntegrationTests\JobRadar.IntegrationTests.csproj", "{CBA174AD-6D87-4098-98AC-E9726FD7CFA8}"
EndProject
Project("{FAE04EC0-301F-11D3-BF4B-00C04F79EFBC}") = "JobRadar.Worker", "src\JobRadar.Worker\JobRadar.Worker.csproj", "{EFA11998-1769-4DCB-9698-37986DA8A92C}"
EndProject
Global
	GlobalSection(SolutionConfigurationPlatforms) = preSolution
		Debug|Any CPU = Debug|Any CPU
		Debug|x64 = Debug|x64
		Debug|x86 = Debug|x86
		Release|Any CPU = Release|Any CPU
		Release|x64 = Release|x64
		Release|x86 = Release|x86
	EndGlobalSection
	GlobalSection(ProjectConfigurationPlatforms) = postSolution
		{3D1F315F-AD49-43D4-9146-E3C86C7203AA}.Debug|Any CPU.ActiveCfg = Debug|Any CPU
		{3D1F315F-AD49-43D4-9146-E3C86C7203AA}.Debug|Any CPU.Build.0 = Debug|Any CPU
		{3D1F315F-AD49-43D4-9146-E3C86C7203AA}.Debug|x64.ActiveCfg = Debug|Any CPU
		{3D1F315F-AD49-43D4-9146-E3C86C7203AA}.Debug|x64.Build.0 = Debug|Any CPU
		{3D1F315F-AD49-43D4-9146-E3C86C7203AA}.Debug|x86.ActiveCfg = Debug|Any CPU
		{3D1F315F-AD49-43D4-9146-E3C86C7203AA}.Debug|x86.Build.0 = Debug|Any CPU
		{3D1F315F-AD49-43D4-9146-E3C86C7203AA}.Release|Any CPU.ActiveCfg = Release|Any CPU
		{3D1F315F-AD49-43D4-9146-E3C86C7203AA}.Release|Any CPU.Build.0 = Release|Any CPU
		{3D1F315F-AD49-43D4-9146-E3C86C7203AA}.Release|x64.ActiveCfg = Release|Any CPU
		{3D1F315F-AD49-43D4-9146-E3C86C7203AA}.Release|x64.Build.0 = Release|Any CPU
		{3D1F315F-AD49-43D4-9146-E3C86C7203AA}.Release|x86.ActiveCfg = Release|Any CPU
		{3D1F315F-AD49-43D4-9146-E3C86C7203AA}.Release|x86.Build.0 = Release|Any CPU
		{B1787E6D-F26D-441B-8368-DAEEEF9B75FC}.Debug|Any CPU.ActiveCfg = Debug|Any CPU
		{B1787E6D-F26D-441B-8368-DAEEEF9B75FC}.Debug|Any CPU.Build.0 = Debug|Any CPU
		{B1787E6D-F26D-441B-8368-DAEEEF9B75FC}.Debug|x64.ActiveCfg = Debug|Any CPU
		{B1787E6D-F26D-441B-8368-DAEEEF9B75FC}.Debug|x64.Build.0 = Debug|Any CPU
		{B1787E6D-F26D-441B-8368-DAEEEF9B75FC}.Debug|x86.ActiveCfg = Debug|Any CPU
		{B1787E6D-F26D-441B-8368-DAEEEF9B75FC}.Debug|x86.Build.0 = Debug|Any CPU
		{B1787E6D-F26D-441B-8368-DAEEEF9B75FC}.Release|Any CPU.ActiveCfg = Release|Any CPU
		{B1787E6D-F26D-441B-8368-DAEEEF9B75FC}.Release|Any CPU.Build.0 = Release|Any CPU
		{B1787E6D-F26D-441B-8368-DAEEEF9B75FC}.Release|x64.ActiveCfg = Release|Any CPU
		{B1787E6D-F26D-441B-8368-DAEEEF9B75FC}.Release|x64.Build.0 = Release|Any CPU
		{B1787E6D-F26D-441B-8368-DAEEEF9B75FC}.Release|x86.ActiveCfg = Release|Any CPU
		{B1787E6D-F26D-441B-8368-DAEEEF9B75FC}.Release|x86.Build.0 = Release|Any CPU
		{7FE49AD7-B91A-4A06-83DE-2BC994CDA6B9}.Debug|Any CPU.ActiveCfg = Debug|Any CPU
		{7FE49AD7-B91A-4A06-83DE-2BC994CDA6B9}.Debug|Any CPU.Build.0 = Debug|Any CPU
		{7FE49AD7-B91A-4A06-83DE-2BC994CDA6B9}.Debug|x64.ActiveCfg = Debug|Any CPU
		{7FE49AD7-B91A-4A06-83DE-2BC994CDA6B9}.Debug|x64.Build.0 = Debug|Any CPU
		{7FE49AD7-B91A-4A06-83DE-2BC994CDA6B9}.Debug|x86.ActiveCfg = Debug|Any CPU
		{7FE49AD7-B91A-4A06-83DE-2BC994CDA6B9}.Debug|x86.Build.0 = Debug|Any CPU
		{7FE49AD7-B91A-4A06-83DE-2BC994CDA6B9}.Release|Any CPU.ActiveCfg = Release|Any CPU
		{7FE49AD7-B91A-4A06-83DE-2BC994CDA6B9}.Release|Any CPU.Build.0 = Release|Any CPU
		{7FE49AD7-B91A-4A06-83DE-2BC994CDA6B9}.Release|x64.ActiveCfg = Release|Any CPU
		{7FE49AD7-B91A-4A06-83DE-2BC994CDA6B9}.Release|x64.Build.0 = Release|Any CPU
		{7FE49AD7-B91A-4A06-83DE-2BC994CDA6B9}.Release|x86.ActiveCfg = Release|Any CPU
		{7FE49AD7-B91A-4A06-83DE-2BC994CDA6B9}.Release|x86.Build.0 = Release|Any CPU
		{5E418F34-74B4-4D2E-BFDC-F73515F5F981}.Debug|Any CPU.ActiveCfg = Debug|Any CPU
		{5E418F34-74B4-4D2E-BFDC-F73515F5F981}.Debug|Any CPU.Build.0 = Debug|Any CPU
		{5E418F34-74B4-4D2E-BFDC-F73515F5F981}.Debug|x64.ActiveCfg = Debug|Any CPU
		{5E418F34-74B4-4D2E-BFDC-F73515F5F981}.Debug|x64.Build.0 = Debug|Any CPU
		{5E418F34-74B4-4D2E-BFDC-F73515F5F981}.Debug|x86.ActiveCfg = Debug|Any CPU
		{5E418F34-74B4-4D2E-BFDC-F73515F5F981}.Debug|x86.Build.0 = Debug|Any CPU
		{5E418F34-74B4-4D2E-BFDC-F73515F5F981}.Release|Any CPU.ActiveCfg = Release|Any CPU
		{5E418F34-74B4-4D2E-BFDC-F73515F5F981}.Release|Any CPU.Build.0 = Release|Any CPU
		{5E418F34-74B4-4D2E-BFDC-F73515F5F981}.Release|x64.ActiveCfg = Release|Any CPU
		{5E418F34-74B4-4D2E-BFDC-F73515F5F981}.Release|x64.Build.0 = Release|Any CPU
		{5E418F34-74B4-4D2E-BFDC-F73515F5F981}.Release|x86.ActiveCfg = Release|Any CPU
		{5E418F34-74B4-4D2E-BFDC-F73515F5F981}.Release|x86.Build.0 = Release|Any CPU
		{C4140115-31BD-4CB8-A964-54F40288D3E3}.Debug|Any CPU.ActiveCfg = Debug|Any CPU
		{C4140115-31BD-4CB8-A964-54F40288D3E3}.Debug|Any CPU.Build.0 = Debug|Any CPU
		{C4140115-31BD-4CB8-A964-54F40288D3E3}.Debug|x64.ActiveCfg = Debug|Any CPU
		{C4140115-31BD-4CB8-A964-54F40288D3E3}.Debug|x64.Build.0 = Debug|Any CPU
		{C4140115-31BD-4CB8-A964-54F40288D3E3}.Debug|x86.ActiveCfg = Debug|Any CPU
		{C4140115-31BD-4CB8-A964-54F40288D3E3}.Debug|x86.Build.0 = Debug|Any CPU
		{C4140115-31BD-4CB8-A964-54F40288D3E3}.Release|Any CPU.ActiveCfg = Release|Any CPU
		{C4140115-31BD-4CB8-A964-54F40288D3E3}.Release|Any CPU.Build.0 = Release|Any CPU
		{C4140115-31BD-4CB8-A964-54F40288D3E3}.Release|x64.ActiveCfg = Release|Any CPU
		{C4140115-31BD-4CB8-A964-54F40288D3E3}.Release|x64.Build.0 = Release|Any CPU
		{C4140115-31BD-4CB8-A964-54F40288D3E3}.Release|x86.ActiveCfg = Release|Any CPU
		{C4140115-31BD-4CB8-A964-54F40288D3E3}.Release|x86.Build.0 = Release|Any CPU
		{CBA174AD-6D87-4098-98AC-E9726FD7CFA8}.Debug|Any CPU.ActiveCfg = Debug|Any CPU
		{CBA174AD-6D87-4098-98AC-E9726FD7CFA8}.Debug|Any CPU.Build.0 = Debug|Any CPU
		{CBA174AD-6D87-4098-98AC-E9726FD7CFA8}.Debug|x64.ActiveCfg = Debug|Any CPU
		{CBA174AD-6D87-4098-98AC-E9726FD7CFA8}.Debug|x64.Build.0 = Debug|Any CPU
		{CBA174AD-6D87-4098-98AC-E9726FD7CFA8}.Debug|x86.ActiveCfg = Debug|Any CPU
		{CBA174AD-6D87-4098-98AC-E9726FD7CFA8}.Debug|x86.Build.0 = Debug|Any CPU
		{CBA174AD-6D87-4098-98AC-E9726FD7CFA8}.Release|Any CPU.ActiveCfg = Release|Any CPU
		{CBA174AD-6D87-4098-98AC-E9726FD7CFA8}.Release|Any CPU.Build.0 = Release|Any CPU
		{CBA174AD-6D87-4098-98AC-E9726FD7CFA8}.Release|x64.ActiveCfg = Release|Any CPU
		{CBA174AD-6D87-4098-98AC-E9726FD7CFA8}.Release|x64.Build.0 = Release|Any CPU
		{CBA174AD-6D87-4098-98AC-E9726FD7CFA8}.Release|x86.ActiveCfg = Release|Any CPU
		{CBA174AD-6D87-4098-98AC-E9726FD7CFA8}.Release|x86.Build.0 = Release|Any CPU
		{EFA11998-1769-4DCB-9698-37986DA8A92C}.Debug|Any CPU.ActiveCfg = Debug|Any CPU
		{EFA11998-1769-4DCB-9698-37986DA8A92C}.Debug|Any CPU.Build.0 = Debug|Any CPU
		{EFA11998-1769-4DCB-9698-37986DA8A92C}.Debug|x64.ActiveCfg = Debug|Any CPU
		{EFA11998-1769-4DCB-9698-37986DA8A92C}.Debug|x64.Build.0 = Debug|Any CPU
		{EFA11998-1769-4DCB-9698-37986DA8A92C}.Debug|x86.ActiveCfg = Debug|Any CPU
		{EFA11998-1769-4DCB-9698-37986DA8A92C}.Debug|x86.Build.0 = Debug|Any CPU
		{EFA11998-1769-4DCB-9698-37986DA8A92C}.Release|Any CPU.ActiveCfg = Release|Any CPU
		{EFA11998-1769-4DCB-9698-37986DA8A92C}.Release|Any CPU.Build.0 = Release|Any CPU
		{EFA11998-1769-4DCB-9698-37986DA8A92C}.Release|x64.ActiveCfg = Release|Any CPU
		{EFA11998-1769-4DCB-9698-37986DA8A92C}.Release|x64.Build.0 = Release|Any CPU
		{EFA11998-1769-4DCB-9698-37986DA8A92C}.Release|x86.ActiveCfg = Release|Any CPU
		{EFA11998-1769-4DCB-9698-37986DA8A92C}.Release|x86.Build.0 = Release|Any CPU
	EndGlobalSection
	GlobalSection(SolutionProperties) = preSolution
		HideSolutionNode = FALSE
	EndGlobalSection
	GlobalSection(NestedProjects) = preSolution
		{3D1F315F-AD49-43D4-9146-E3C86C7203AA} = {4BDDA2D9-5070-49AA-A1AC-323CE3FA8ACA}
		{B1787E6D-F26D-441B-8368-DAEEEF9B75FC} = {4BDDA2D9-5070-49AA-A1AC-323CE3FA8ACA}
		{7FE49AD7-B91A-4A06-83DE-2BC994CDA6B9} = {4BDDA2D9-5070-49AA-A1AC-323CE3FA8ACA}
		{5E418F34-74B4-4D2E-BFDC-F73515F5F981} = {4BDDA2D9-5070-49AA-A1AC-323CE3FA8ACA}
		{C4140115-31BD-4CB8-A964-54F40288D3E3} = {80B3A55E-A612-43D9-A523-6F32E57F7014}
		{CBA174AD-6D87-4098-98AC-E9726FD7CFA8} = {80B3A55E-A612-43D9-A523-6F32E57F7014}
		{EFA11998-1769-4DCB-9698-37986DA8A92C} = {4BDDA2D9-5070-49AA-A1AC-323CE3FA8ACA}
	EndGlobalSection
EndGlobal
